
Microsoft Visual Studio Solution File, Format Version 12.00
# Visual Studio 15
VisualStudioVersion = 15.0.28307.421
MinimumVisualStudioVersion = 10.0.40219.1
Project("{FAE04EC0-301F-11D3-BF4B-00C04F79EFBC}") = "Marketplace-API", "Marketplace-API\Marketplace-API.csproj", "{81703DBD-E3FA-485B-9D59-2FFD5CE9629D}"
EndProject
Global
	GlobalSection(SolutionConfigurationPlatforms) = preSolution
		Debug|Any CPU = Debug|Any CPU
		Release|Any CPU = Release|Any CPU
	EndGlobalSection
	GlobalSection(ProjectConfigurationPlatforms) = postSolution
		{81703DBD-E3FA-485B-9D59-2FFD5CE9629D}.Debug|Any CPU.ActiveCfg = Debug|Any CPU
		{81703DBD-E3FA-485B-9D59-2FFD5CE9629D}.Debug|Any CPU.Build.0 = Debug|Any CPU
		{81703DBD-E3FA-485B-9D59-2FFD5CE9629D}.Release|Any CPU.ActiveCfg = Release|Any CPU
		{81703DBD-E3FA-485B-9D59-2FFD5CE9629D}.Release|Any CPU.Build.0 = Release|Any CPU
	EndGlobalSection
	GlobalSection(SolutionProperties) = preSolution
		HideSolutionNode = FALSE
	EndGlobalSection
	GlobalSection(ExtensibilityGlobals) = postSolution
		SolutionGuid = {4C04D1CB-2D45-48B4-B601-81B4C8D19004}
	EndGlobalSection
EndGlobal
